
Microsoft Visual Studio Solution File, Format Version 12.00
# Visual Studio 2013
VisualStudioVersion = 12.0.31101.0
MinimumVisualStudioVersion = 10.0.40219.1
Project("{FAE04EC0-301F-11D3-BF4B-00C04F79EFBC}") = "Phone Light Sensor", "Phone Light Sensor\Phone Light Sensor.csproj", "{390202ED-705E-4625-867F-3576F085BE67}"
EndProject
Global
	GlobalSection(SolutionConfigurationPlatforms) = preSolution
		Debug|Any CPU = Debug|Any CPU
		Debug|ARM = Debug|ARM
		Debug|x86 = Debug|x86
		Release|Any CPU = Release|Any CPU
		Release|ARM = Release|ARM
		Release|x86 = Release|x86
	EndGlobalSection
	GlobalSection(ProjectConfigurationPlatforms) = postSolution
		{390202ED-705E-4625-867F-3576F085BE67}.Debug|Any CPU.ActiveCfg = Debug|Any CPU
		{390202ED-705E-4625-867F-3576F085BE67}.Debug|Any CPU.Build.0 = Debug|Any CPU
		{390202ED-705E-4625-867F-3576F085BE67}.Debug|Any CPU.Deploy.0 = Debug|Any CPU
		{390202ED-705E-4625-867F-3576F085BE67}.Debug|ARM.ActiveCfg = Debug|ARM
		{390202ED-705E-4625-867F-3576F085BE67}.Debug|ARM.Build.0 = Debug|ARM
		{390202ED-705E-4625-867F-3576F085BE67}.Debug|ARM.Deploy.0 = Debug|ARM
		{390202ED-705E-4625-867F-3576F085BE67}.Debug|x86.ActiveCfg = Debug|x86
		{390202ED-705E-4625-867F-3576F085BE67}.Debug|x86.Build.0 = Debug|x86
		{390202ED-705E-4625-867F-3576F085BE67}.Debug|x86.Deploy.0 = Debug|x86
		{390202ED-705E-4625-867F-3576F085BE67}.Release|Any CPU.ActiveCfg = Release|Any CPU
		{390202ED-705E-4625-867F-3576F085BE67}.Release|Any CPU.Build.0 = Release|Any CPU
		{390202ED-705E-4625-867F-3576F085BE67}.Release|Any CPU.Deploy.0 = Release|Any CPU
		{390202ED-705E-4625-867F-3576F085BE67}.Release|ARM.ActiveCfg = Release|ARM
		{390202ED-705E-4625-867F-3576F085BE67}.Release|ARM.Build.0 = Release|ARM
		{390202ED-705E-4625-867F-3576F085BE67}.Release|ARM.Deploy.0 = Release|ARM
		{390202ED-705E-4625-867F-3576F085BE67}.Release|x86.ActiveCfg = Release|x86
		{390202ED-705E-4625-867F-3576F085BE67}.Release|x86.Build.0 = Release|x86
		{390202ED-705E-4625-867F-3576F085BE67}.Release|x86.Deploy.0 = Release|x86
	EndGlobalSection
	GlobalSection(SolutionProperties) = preSolution
		HideSolutionNode = FALSE
	EndGlobalSection
EndGlobal
